
Microsoft Visual Studio Solution File, Format Version 12.00
# Visual Studio 15
Project("{FAE04EC0-301F-11D3-BF4B-00C04F79EFBC}") = "Assembly-CSharp", "Assembly-CSharp.csproj", "{7979254E-B205-AE04-4348-57DCE1770D76}"
EndProject
Project("{FAE04EC0-301F-11D3-BF4B-00C04F79EFBC}") = "Unity.Timeline", "Unity.Timeline.csproj", "{96C88CE6-A22B-1115-A79F-B9008EA7479C}"
EndProject
Project("{FAE04EC0-301F-11D3-BF4B-00C04F79EFBC}") = "Unity.Timeline.Editor", "Unity.Timeline.Editor.csproj", "{3B90825F-A49D-C7E1-994A-D77B9362CD76}"
EndProject
Project("{FAE04EC0-301F-11D3-BF4B-00C04F79EFBC}") = "Unity.TextMeshPro.Editor", "Unity.TextMeshPro.Editor.csproj", "{B86E7ABD-9011-0708-0590-E49D938AEFC9}"
EndProject
Project("{FAE04EC0-301F-11D3-BF4B-00C04F79EFBC}") = "Unity.VisualScripting.Flow", "Unity.VisualScripting.Flow.csproj", "{050DC3E3-3661-5444-88CD-72DB4B23310F}"
EndProject
Project("{FAE04EC0-301F-11D3-BF4B-00C04F79EFBC}") = "Unity.PlasticSCM.Editor", "Unity.PlasticSCM.Editor.csproj", "{15560498-A289-A99C-3879-31A5BC387F17}"
EndProject
Project("{FAE04EC0-301F-11D3-BF4B-00C04F79EFBC}") = "Unity.VisualScripting.Core", "Unity.VisualScripting.Core.csproj", "{658F6FC3-D749-4A64-5344-80027D2114D2}"
EndProject
Project("{FAE04EC0-301F-11D3-BF4B-00C04F79EFBC}") = "Unity.VisualScripting.Core.Editor", "Unity.VisualScripting.Core.Editor.csproj", "{6EE28F2D-548C-AF75-7E5B-24F9D82BD995}"
EndProject
Project("{FAE04EC0-301F-11D3-BF4B-00C04F79EFBC}") = "Unity.VisualScripting.Flow.Editor", "Unity.VisualScripting.Flow.Editor.csproj", "{BE81F35B-C27A-A094-5952-4E17D898E147}"
EndProject
Project("{FAE04EC0-301F-11D3-BF4B-00C04F79EFBC}") = "UnityEditor.TestRunner", "UnityEditor.TestRunner.csproj", "{A9EEA840-7E09-5BF6-D338-F83DF8D3B4CF}"
EndProject
Project("{FAE04EC0-301F-11D3-BF4B-00C04F79EFBC}") = "Unity.VisualScripting.SettingsProvider.Editor", "Unity.VisualScripting.SettingsProvider.Editor.csproj", "{D9E8730C-F05A-D204-343A-86D8A9D31453}"
EndProject
Project("{FAE04EC0-301F-11D3-BF4B-00C04F79EFBC}") = "UnityEngine.TestRunner", "UnityEngine.TestRunner.csproj", "{33F912D0-E1EB-1163-4B05-2221B244B33A}"
EndProject
Project("{FAE04EC0-301F-11D3-BF4B-00C04F79EFBC}") = "Unity.VisualStudio.Editor", "Unity.VisualStudio.Editor.csproj", "{841FEDE9-DCE6-16A1-3864-801BB39C04B0}"
EndProject
Project("{FAE04EC0-301F-11D3-BF4B-00C04F79EFBC}") = "Unity.TestTools.CodeCoverage.Editor.OpenCover.Model", "Unity.TestTools.CodeCoverage.Editor.OpenCover.Model.csproj", "{A97A5862-FC16-D007-E7FA-C27E9BC852B2}"
EndProject
Project("{FAE04EC0-301F-11D3-BF4B-00C04F79EFBC}") = "Unity.Rider.Editor", "Unity.Rider.Editor.csproj", "{05388D0B-F6B5-DD43-8E92-5C4DD81ACDF1}"
EndProject
Project("{FAE04EC0-301F-11D3-BF4B-00C04F79EFBC}") = "Unity.VisualScripting.State.Editor", "Unity.VisualScripting.State.Editor.csproj", "{AD1B6DB8-D9A1-0B2A-28FA-89F599F06525}"
EndProject
Project("{FAE04EC0-301F-11D3-BF4B-00C04F79EFBC}") = "Unity.TestTools.CodeCoverage.Editor", "Unity.TestTools.CodeCoverage.Editor.csproj", "{1E9F57E6-5F8C-2DD4-0E71-D976CB2924AE}"
EndProject
Project("{FAE04EC0-301F-11D3-BF4B-00C04F79EFBC}") = "Unity.VisualScripting.State", "Unity.VisualScripting.State.csproj", "{5AB09C3A-CD8A-3F5D-1A5E-9210D419FCD2}"
EndProject
Project("{FAE04EC0-301F-11D3-BF4B-00C04F79EFBC}") = "Unity.TextMeshPro", "Unity.TextMeshPro.csproj", "{2E87BBE8-899C-6150-2E82-DAB698829EB4}"
EndProject
Project("{FAE04EC0-301F-11D3-BF4B-00C04F79EFBC}") = "Unity.Performance.Profile-Analyzer.Editor", "Unity.Performance.Profile-Analyzer.Editor.csproj", "{05D99147-4AFA-A5FF-16B3-9D9F696E1A77}"
EndProject
Project("{FAE04EC0-301F-11D3-BF4B-00C04F79EFBC}") = "Unity.VSCode.Editor", "Unity.VSCode.Editor.csproj", "{86D23D1D-F2BA-57DF-3C1E-9E2B42429E6E}"
EndProject
Project("{FAE04EC0-301F-11D3-BF4B-00C04F79EFBC}") = "Unity.TestTools.CodeCoverage.Editor.OpenCover.Mono.Reflection", "Unity.TestTools.CodeCoverage.Editor.OpenCover.Mono.Reflection.csproj", "{32B3F2F1-39D6-72DE-3818-2A3DB29A6A54}"
EndProject
Project("{FAE04EC0-301F-11D3-BF4B-00C04F79EFBC}") = "Unity.Settings.Editor", "Unity.Settings.Editor.csproj", "{8424DD54-DA9A-AD06-D510-3A9F80E72BB5}"
EndProject
Project("{FAE04EC0-301F-11D3-BF4B-00C04F79EFBC}") = "Unity.EditorCoroutines.Editor", "Unity.EditorCoroutines.Editor.csproj", "{E08E923E-4D3F-513A-E6BF-59897BB15834}"
EndProject
Project("{FAE04EC0-301F-11D3-BF4B-00C04F79EFBC}") = "Unity.VisualScripting.Shared.Editor", "Unity.VisualScripting.Shared.Editor.csproj", "{B2A60A04-3E86-34C4-54B9-1F626D235A4A}"
EndProject
Project("{FAE04EC0-301F-11D3-BF4B-00C04F79EFBC}") = "Unity.CollabProxy.Editor", "Unity.CollabProxy.Editor.csproj", "{DC38227A-D2F0-708C-3949-011DA72D1ED2}"
EndProject
Global
	GlobalSection(SolutionConfigurationPlatforms) = preSolution
		Debug|Any CPU = Debug|Any CPU
		Release|Any CPU = Release|Any CPU
	EndGlobalSection
	GlobalSection(ProjectConfigurationPlatforms) = postSolution
		{7979254E-B205-AE04-4348-57DCE1770D76}.Debug|Any CPU.ActiveCfg = Debug|Any CPU
		{7979254E-B205-AE04-4348-57DCE1770D76}.Debug|Any CPU.Build.0 = Debug|Any CPU
		{7979254E-B205-AE04-4348-57DCE1770D76}.Release|Any CPU.ActiveCfg = Release|Any CPU
		{7979254E-B205-AE04-4348-57DCE1770D76}.Release|Any CPU.Build.0 = Release|Any CPU
		{96C88CE6-A22B-1115-A79F-B9008EA7479C}.Debug|Any CPU.ActiveCfg = Debug|Any CPU
		{96C88CE6-A22B-1115-A79F-B9008EA7479C}.Debug|Any CPU.Build.0 = Debug|Any CPU
		{96C88CE6-A22B-1115-A79F-B9008EA7479C}.Release|Any CPU.ActiveCfg = Release|Any CPU
		{96C88CE6-A22B-1115-A79F-B9008EA7479C}.Release|Any CPU.Build.0 = Release|Any CPU
		{3B90825F-A49D-C7E1-994A-D77B9362CD76}.Debug|Any CPU.ActiveCfg = Debug|Any CPU
		{3B90825F-A49D-C7E1-994A-D77B9362CD76}.Debug|Any CPU.Build.0 = Debug|Any CPU
		{3B90825F-A49D-C7E1-994A-D77B9362CD76}.Release|Any CPU.ActiveCfg = Release|Any CPU
		{3B90825F-A49D-C7E1-994A-D77B9362CD76}.Release|Any CPU.Build.0 = Release|Any CPU
		{B86E7ABD-9011-0708-0590-E49D938AEFC9}.Debug|Any CPU.ActiveCfg = Debug|Any CPU
		{B86E7ABD-9011-0708-0590-E49D938AEFC9}.Debug|Any CPU.Build.0 = Debug|Any CPU
		{B86E7ABD-9011-0708-0590-E49D938AEFC9}.Release|Any CPU.ActiveCfg = Release|Any CPU
		{B86E7ABD-9011-0708-0590-E49D938AEFC9}.Release|Any CPU.Build.0 = Release|Any CPU
		{050DC3E3-3661-5444-88CD-72DB4B23310F}.Debug|Any CPU.ActiveCfg = Debug|Any CPU
		{050DC3E3-3661-5444-88CD-72DB4B23310F}.Debug|Any CPU.Build.0 = Debug|Any CPU
		{050DC3E3-3661-5444-88CD-72DB4B23310F}.Release|Any CPU.ActiveCfg = Release|Any CPU
		{050DC3E3-3661-5444-88CD-72DB4B23310F}.Release|Any CPU.Build.0 = Release|Any CPU
		{15560498-A289-A99C-3879-31A5BC387F17}.Debug|Any CPU.ActiveCfg = Debug|Any CPU
		{15560498-A289-A99C-3879-31A5BC387F17}.Debug|Any CPU.Build.0 = Debug|Any CPU
		{15560498-A289-A99C-3879-31A5BC387F17}.Release|Any CPU.ActiveCfg = Release|Any CPU
		{15560498-A289-A99C-3879-31A5BC387F17}.Release|Any CPU.Build.0 = Release|Any CPU
		{658F6FC3-D749-4A64-5344-80027D2114D2}.Debug|Any CPU.ActiveCfg = Debug|Any CPU
		{658F6FC3-D749-4A64-5344-80027D2114D2}.Debug|Any CPU.Build.0 = Debug|Any CPU
		{658F6FC3-D749-4A64-5344-80027D2114D2}.Release|Any CPU.ActiveCfg = Release|Any CPU
		{658F6FC3-D749-4A64-5344-80027D2114D2}.Release|Any CPU.Build.0 = Release|Any CPU
		{6EE28F2D-548C-AF75-7E5B-24F9D82BD995}.Debug|Any CPU.ActiveCfg = Debug|Any CPU
		{6EE28F2D-548C-AF75-7E5B-24F9D82BD995}.Debug|Any CPU.Build.0 = Debug|Any CPU
		{6EE28F2D-548C-AF75-7E5B-24F9D82BD995}.Release|Any CPU.ActiveCfg = Release|Any CPU
		{6EE28F2D-548C-AF75-7E5B-24F9D82BD995}.Release|Any CPU.Build.0 = Release|Any CPU
		{BE81F35B-C27A-A094-5952-4E17D898E147}.Debug|Any CPU.ActiveCfg = Debug|Any CPU
		{BE81F35B-C27A-A094-5952-4E17D898E147}.Debug|Any CPU.Build.0 = Debug|Any CPU
		{BE81F35B-C27A-A094-5952-4E17D898E147}.Release|Any CPU.ActiveCfg = Release|Any CPU
		{BE81F35B-C27A-A094-5952-4E17D898E147}.Release|Any CPU.Build.0 = Release|Any CPU
		{A9EEA840-7E09-5BF6-D338-F83DF8D3B4CF}.Debug|Any CPU.ActiveCfg = Debug|Any CPU
		{A9EEA840-7E09-5BF6-D338-F83DF8D3B4CF}.Debug|Any CPU.Build.0 = Debug|Any CPU
		{A9EEA840-7E09-5BF6-D338-F83DF8D3B4CF}.Release|Any CPU.ActiveCfg = Release|Any CPU
		{A9EEA840-7E09-5BF6-D338-F83DF8D3B4CF}.Release|Any CPU.Build.0 = Release|Any CPU
		{D9E8730C-F05A-D204-343A-86D8A9D31453}.Debug|Any CPU.ActiveCfg = Debug|Any CPU
		{D9E8730C-F05A-D204-343A-86D8A9D31453}.Debug|Any CPU.Build.0 = Debug|Any CPU
		{D9E8730C-F05A-D204-343A-86D8A9D31453}.Release|Any CPU.ActiveCfg = Release|Any CPU
		{D9E8730C-F05A-D204-343A-86D8A9D31453}.Release|Any CPU.Build.0 = Release|Any CPU
		{33F912D0-E1EB-1163-4B05-2221B244B33A}.Debug|Any CPU.ActiveCfg = Debug|Any CPU
		{33F912D0-E1EB-1163-4B05-2221B244B33A}.Debug|Any CPU.Build.0 = Debug|Any CPU
		{33F912D0-E1EB-1163-4B05-2221B244B33A}.Release|Any CPU.ActiveCfg = Release|Any CPU
		{33F912D0-E1EB-1163-4B05-2221B244B33A}.Release|Any CPU.Build.0 = Release|Any CPU
		{841FEDE9-DCE6-16A1-3864-801BB39C04B0}.Debug|Any CPU.ActiveCfg = Debug|Any CPU
		{841FEDE9-DCE6-16A1-3864-801BB39C04B0}.Debug|Any CPU.Build.0 = Debug|Any CPU
		{841FEDE9-DCE6-16A1-3864-801BB39C04B0}.Release|Any CPU.ActiveCfg = Release|Any CPU
		{841FEDE9-DCE6-16A1-3864-801BB39C04B0}.Release|Any CPU.Build.0 = Release|Any CPU
		{A97A5862-FC16-D007-E7FA-C27E9BC852B2}.Debug|Any CPU.ActiveCfg = Debug|Any CPU
		{A97A5862-FC16-D007-E7FA-C27E9BC852B2}.Debug|Any CPU.Build.0 = Debug|Any CPU
		{A97A5862-FC16-D007-E7FA-C27E9BC852B2}.Release|Any CPU.ActiveCfg = Release|Any CPU
		{A97A5862-FC16-D007-E7FA-C27E9BC852B2}.Release|Any CPU.Build.0 = Release|Any CPU
		{05388D0B-F6B5-DD43-8E92-5C4DD81ACDF1}.Debug|Any CPU.ActiveCfg = Debug|Any CPU
		{05388D0B-F6B5-DD43-8E92-5C4DD81ACDF1}.Debug|Any CPU.Build.0 = Debug|Any CPU
		{05388D0B-F6B5-DD43-8E92-5C4DD81ACDF1}.Release|Any CPU.ActiveCfg = Release|Any CPU
		{05388D0B-F6B5-DD43-8E92-5C4DD81ACDF1}.Release|Any CPU.Build.0 = Release|Any CPU
		{AD1B6DB8-D9A1-0B2A-28FA-89F599F06525}.Debug|Any CPU.ActiveCfg = Debug|Any CPU
		{AD1B6DB8-D9A1-0B2A-28FA-89F599F06525}.Debug|Any CPU.Build.0 = Debug|Any CPU
		{AD1B6DB8-D9A1-0B2A-28FA-89F599F06525}.Release|Any CPU.ActiveCfg = Release|Any CPU
		{AD1B6DB8-D9A1-0B2A-28FA-89F599F06525}.Release|Any CPU.Build.0 = Release|Any CPU
		{1E9F57E6-5F8C-2DD4-0E71-D976CB2924AE}.Debug|Any CPU.ActiveCfg = Debug|Any CPU
		{1E9F57E6-5F8C-2DD4-0E71-D976CB2924AE}.Debug|Any CPU.Build.0 = Debug|Any CPU
		{1E9F57E6-5F8C-2DD4-0E71-D976CB2924AE}.Release|Any CPU.ActiveCfg = Release|Any CPU
		{1E9F57E6-5F8C-2DD4-0E71-D976CB2924AE}.Release|Any CPU.Build.0 = Release|Any CPU
		{5AB09C3A-CD8A-3F5D-1A5E-9210D419FCD2}.Debug|Any CPU.ActiveCfg = Debug|Any CPU
		{5AB09C3A-CD8A-3F5D-1A5E-9210D419FCD2}.Debug|Any CPU.Build.0 = Debug|Any CPU
		{5AB09C3A-CD8A-3F5D-1A5E-9210D419FCD2}.Release|Any CPU.ActiveCfg = Release|Any CPU
		{5AB09C3A-CD8A-3F5D-1A5E-9210D419FCD2}.Release|Any CPU.Build.0 = Release|Any CPU
		{2E87BBE8-899C-6150-2E82-DAB698829EB4}.Debug|Any CPU.ActiveCfg = Debug|Any CPU
		{2E87BBE8-899C-6150-2E82-DAB698829EB4}.Debug|Any CPU.Build.0 = Debug|Any CPU
		{2E87BBE8-899C-6150-2E82-DAB698829EB4}.Release|Any CPU.ActiveCfg = Release|Any CPU
		{2E87BBE8-899C-6150-2E82-DAB698829EB4}.Release|Any CPU.Build.0 = Release|Any CPU
		{05D99147-4AFA-A5FF-16B3-9D9F696E1A77}.Debug|Any CPU.ActiveCfg = Debug|Any CPU
		{05D99147-4AFA-A5FF-16B3-9D9F696E1A77}.Debug|Any CPU.Build.0 = Debug|Any CPU
		{05D99147-4AFA-A5FF-16B3-9D9F696E1A77}.Release|Any CPU.ActiveCfg = Release|Any CPU
		{05D99147-4AFA-A5FF-16B3-9D9F696E1A77}.Release|Any CPU.Build.0 = Release|Any CPU
		{86D23D1D-F2BA-57DF-3C1E-9E2B42429E6E}.Debug|Any CPU.ActiveCfg = Debug|Any CPU
		{86D23D1D-F2BA-57DF-3C1E-9E2B42429E6E}.Debug|Any CPU.Build.0 = Debug|Any CPU
		{86D23D1D-F2BA-57DF-3C1E-9E2B42429E6E}.Release|Any CPU.ActiveCfg = Release|Any CPU
		{86D23D1D-F2BA-57DF-3C1E-9E2B42429E6E}.Release|Any CPU.Build.0 = Release|Any CPU
		{32B3F2F1-39D6-72DE-3818-2A3DB29A6A54}.Debug|Any CPU.ActiveCfg = Debug|Any CPU
		{32B3F2F1-39D6-72DE-3818-2A3DB29A6A54}.Debug|Any CPU.Build.0 = Debug|Any CPU
		{32B3F2F1-39D6-72DE-3818-2A3DB29A6A54}.Release|Any CPU.ActiveCfg = Release|Any CPU
		{32B3F2F1-39D6-72DE-3818-2A3DB29A6A54}.Release|Any CPU.Build.0 = Release|Any CPU
		{8424DD54-DA9A-AD06-D510-3A9F80E72BB5}.Debug|Any CPU.ActiveCfg = Debug|Any CPU
		{8424DD54-DA9A-AD06-D510-3A9F80E72BB5}.Debug|Any CPU.Build.0 = Debug|Any CPU
		{8424DD54-DA9A-AD06-D510-3A9F80E72BB5}.Release|Any CPU.ActiveCfg = Release|Any CPU
		{8424DD54-DA9A-AD06-D510-3A9F80E72BB5}.Release|Any CPU.Build.0 = Release|Any CPU
		{E08E923E-4D3F-513A-E6BF-59897BB15834}.Debug|Any CPU.ActiveCfg = Debug|Any CPU
		{E08E923E-4D3F-513A-E6BF-59897BB15834}.Debug|Any CPU.Build.0 = Debug|Any CPU
		{E08E923E-4D3F-513A-E6BF-59897BB15834}.Release|Any CPU.ActiveCfg = Release|Any CPU
		{E08E923E-4D3F-513A-E6BF-59897BB15834}.Release|Any CPU.Build.0 = Release|Any CPU
		{B2A60A04-3E86-34C4-54B9-1F626D235A4A}.Debug|Any CPU.ActiveCfg = Debug|Any CPU
		{B2A60A04-3E86-34C4-54B9-1F626D235A4A}.Debug|Any CPU.Build.0 = Debug|Any CPU
		{B2A60A04-3E86-34C4-54B9-1F626D235A4A}.Release|Any CPU.ActiveCfg = Release|Any CPU
		{B2A60A04-3E86-34C4-54B9-1F626D235A4A}.Release|Any CPU.Build.0 = Release|Any CPU
		{DC38227A-D2F0-708C-3949-011DA72D1ED2}.Debug|Any CPU.ActiveCfg = Debug|Any CPU
		{DC38227A-D2F0-708C-3949-011DA72D1ED2}.Debug|Any CPU.Build.0 = Debug|Any CPU
		{DC38227A-D2F0-708C-3949-011DA72D1ED2}.Release|Any CPU.ActiveCfg = Release|Any CPU
		{DC38227A-D2F0-708C-3949-011DA72D1ED2}.Release|Any CPU.Build.0 = Release|Any CPU
	EndGlobalSection
	GlobalSection(SolutionProperties) = preSolution
		HideSolutionNode = FALSE
	EndGlobalSection
EndGlobal
